
Microsoft Visual Studio Solution File, Format Version 12.00
# Visual Studio Version 17
VisualStudioVersion = 17.3.32929.385
MinimumVisualStudioVersion = 10.0.40219.1
Project("{FAE04EC0-301F-11D3-BF4B-00C04F79EFBC}") = "The.prime.numbers", "The.prime.numbers\The.prime.numbers.csproj", "{746B2890-9E04-43D5-9CF1-61CDFF460F16}"
EndProject
Global
	GlobalSection(SolutionConfigurationPlatforms) = preSolution
		Debug|Any CPU = Debug|Any CPU
		Release|Any CPU = Release|Any CPU
	EndGlobalSection
	GlobalSection(ProjectConfigurationPlatforms) = postSolution
		{746B2890-9E04-43D5-9CF1-61CDFF460F16}.Debug|Any CPU.ActiveCfg = Debug|Any CPU
		{746B2890-9E04-43D5-9CF1-61CDFF460F16}.Debug|Any CPU.Build.0 = Debug|Any CPU
		{746B2890-9E04-43D5-9CF1-61CDFF460F16}.Release|Any CPU.ActiveCfg = Release|Any CPU
		{746B2890-9E04-43D5-9CF1-61CDFF460F16}.Release|Any CPU.Build.0 = Release|Any CPU
	EndGlobalSection
	GlobalSection(SolutionProperties) = preSolution
		HideSolutionNode = FALSE
	EndGlobalSection
	GlobalSection(ExtensibilityGlobals) = postSolution
		SolutionGuid = {492D8206-B1C4-4EE5-A5B7-110426EFB92E}
	EndGlobalSection
EndGlobal
